PODS:
  - AFNetworking (2.2.4):
    - AFNetworking/NSURLConnection (= 2.2.4)
    - AFNetworking/NSURLSession (= 2.2.4)
    - AFNetworking/Reachability (= 2.2.4)
    - AFNetworking/Security (= 2.2.4)
    - AFNetworking/Serialization (= 2.2.4)
    - AFNetworking/UIKit (= 2.2.4)
  - AFNetworking/NSURLConnection (2.2.4):
    - AFNetworking/Reachability
    - AFNetworking/Security
    - AFNetworking/Serialization
  - AFNetworking/NSURLSession (2.2.4):
    - AFNetworking/NSURLConnection
  - AFNetworking/Reachability (2.2.4)
  - AFNetworking/Security (2.2.4)
  - AFNetworking/Serialization (2.2.4)
  - AFNetworking/UIKit (2.2.4):
    - AFNetworking/NSURLConnection
    - AFNetworking/NSURLSession
  - MBProgressHUD (0.9)
  - Nimbus (1.2.0):
    - Nimbus/AttributedLabel (= 1.2.0)
    - Nimbus/Badge (= 1.2.0)
    - Nimbus/Collections (= 1.2.0)
    - Nimbus/Collections (= 1.2.0)
    - Nimbus/Core (= 1.2.0)
    - Nimbus/CSS (= 1.2.0)
    - Nimbus/Interapp (= 1.2.0)
    - Nimbus/Launcher (= 1.2.0)
    - Nimbus/Models (= 1.2.0)
    - Nimbus/NetworkControllers (= 1.2.0)
    - Nimbus/NetworkImage (= 1.2.0)
    - Nimbus/Overview (= 1.2.0)
    - Nimbus/PagingScrollView (= 1.2.0)
    - Nimbus/Photos (= 1.2.0)
    - Nimbus/Textfield (= 1.2.0)
    - Nimbus/WebController (= 1.2.0)
  - Nimbus/AttributedLabel (1.2.0):
    - Nimbus/Core
  - Nimbus/Badge (1.2.0):
    - Nimbus/Core
  - Nimbus/Collections (1.2.0):
    - Nimbus/Core
  - Nimbus/Core (1.2.0)
  - Nimbus/CSS (1.2.0):
    - AFNetworking (~> 2.1)
    - Nimbus/Core
    - Nimbus/Textfield
  - Nimbus/Interapp (1.2.0):
    - Nimbus/Core
  - Nimbus/Launcher (1.2.0):
    - Nimbus/Core
    - Nimbus/PagingScrollView
  - Nimbus/Models (1.2.0):
    - Nimbus/Core
  - Nimbus/NetworkControllers (1.2.0):
    - Nimbus/Core
  - Nimbus/NetworkImage (1.2.0):
    - AFNetworking (~> 2.1)
    - Nimbus/Core
  - Nimbus/Overview (1.2.0):
    - Nimbus/Core
    - Nimbus/Models
  - Nimbus/PagingScrollView (1.2.0):
    - Nimbus/Core
  - Nimbus/Photos (1.2.0):
    - Nimbus/Core
    - Nimbus/PagingScrollView
  - Nimbus/Textfield (1.2.0):
    - Nimbus/Core
  - Nimbus/WebController (1.2.0):
    - Nimbus/Core

DEPENDENCIES:
  - AFNetworking (~> 2.2.3)
  - MBProgressHUD (~> 0.8)
  - Nimbus (~> 1.2.0)

SPEC CHECKSUMS:
  AFNetworking: ab63e259fe91eef4519b371ef0a4955af0e73e64
  MBProgressHUD: 2038dbcf3dce73215abed6001657043d53aa79a8
  Nimbus: 14fd6f034c5f53d3dccef6cfd5763959497289a9

COCOAPODS: 0.35.0
