// !$*UTF8*$!
{
	archiveVersion = 1;
	classes = {
	};
	objectVersion = 46;
	objects = {

/* Begin PBXBuildFile section */
		28121F1C1822654C00837E25 /* README.md in Resources */ = {isa = PBXBuildFile; fileRef = 28121F1B1822654C00837E25 /* README.md */; };
		28121F1E1822655E00837E25 /* TODO in Resources */ = {isa = PBXBuildFile; fileRef = 28121F1D1822655E00837E25 /* TODO */; };
		287DBC8C18488366002BF4A5 /* SMAPIClient.m in Sources */ = {isa = PBXBuildFile; fileRef = 287DBC8B18488366002BF4A5 /* SMAPIClient.m */; };
		28AE79F61851BA590062B14B /* NimbusTimeline.podspec in Resources */ = {isa = PBXBuildFile; fileRef = 28AE79F51851BA580062B14B /* NimbusTimeline.podspec */; };
		28B375E918473A90009C69EE /* AppDelegate.m in Sources */ = {isa = PBXBuildFile; fileRef = 28B375C318473A90009C69EE /* AppDelegate.m */; };
		28B375EA18473A90009C69EE /* NSDate+formatDateFromString.m in Sources */ = {isa = PBXBuildFile; fileRef = 28B375C618473A90009C69EE /* NSDate+formatDateFromString.m */; };
		28B375EB18473A90009C69EE /* NSString+StringValue.m in Sources */ = {isa = PBXBuildFile; fileRef = 28B375C818473A90009C69EE /* NSString+StringValue.m */; };
		28B375EE18473A90009C69EE /* SMPublicTimlineListC.m in Sources */ = {isa = PBXBuildFile; fileRef = 28B375D118473A90009C69EE /* SMPublicTimlineListC.m */; };
		28B375EF18473A90009C69EE /* Default-568h@2x.png in Resources */ = {isa = PBXBuildFile; fileRef = 28B375D218473A90009C69EE /* Default-568h@2x.png */; };
		28B375F018473A90009C69EE /* Default.png in Resources */ = {isa = PBXBuildFile; fileRef = 28B375D318473A90009C69EE /* Default.png */; };
		28B375F118473A90009C69EE /* Default@2x.png in Resources */ = {isa = PBXBuildFile; fileRef = 28B375D418473A90009C69EE /* Default@2x.png */; };
		28B375F218473A90009C69EE /* InfoPlist.strings in Resources */ = {isa = PBXBuildFile; fileRef = 28B375D518473A90009C69EE /* InfoPlist.strings */; };
		28B375F318473A90009C69EE /* SMBaseEntity.m in Sources */ = {isa = PBXBuildFile; fileRef = 28B375D918473A90009C69EE /* SMBaseEntity.m */; };
		28B375F418473A90009C69EE /* SMStatusEntity.m in Sources */ = {isa = PBXBuildFile; fileRef = 28B375DB18473A90009C69EE /* SMStatusEntity.m */; };
		28B375F518473A90009C69EE /* main.m in Sources */ = {isa = PBXBuildFile; fileRef = 28B375DC18473A90009C69EE /* main.m */; };
		28B375F618473A90009C69EE /* SMPageTimelineModel.m in Sources */ = {isa = PBXBuildFile; fileRef = 28B375DF18473A90009C69EE /* SMPageTimelineModel.m */; };
		28B375F718473A90009C69EE /* NimbusTimelineDemo-Info.plist in Resources */ = {isa = PBXBuildFile; fileRef = 28B375E018473A90009C69EE /* NimbusTimelineDemo-Info.plist */; };
		28B375F818473A90009C69EE /* SMGlobalConfig.m in Sources */ = {isa = PBXBuildFile; fileRef = 28B375E318473A90009C69EE /* SMGlobalConfig.m */; };
		28B375FA18473A90009C69EE /* SMStatusCell.m in Sources */ = {isa = PBXBuildFile; fileRef = 28B375E818473A90009C69EE /* SMStatusCell.m */; };
		28B3760318473AE6009C69EE /* LJJNimbusTableViewController.m in Sources */ = {isa = PBXBuildFile; fileRef = 28B375FE18473AE6009C69EE /* LJJNimbusTableViewController.m */; };
		28B3760418473AE6009C69EE /* LJJNimbusTableModel.m in Sources */ = {isa = PBXBuildFile; fileRef = 28B3760018473AE6009C69EE /* LJJNimbusTableModel.m */; };
		28B3760818473C63009C69EE /* LJJNimbusMoreButton.m in Sources */ = {isa = PBXBuildFile; fileRef = 28B3760718473C63009C69EE /* LJJNimbusMoreButton.m */; };
		28B3760B18473DFF009C69EE /* SMUserInfoEntity.m in Sources */ = {isa = PBXBuildFile; fileRef = 28B3760A18473DFF009C69EE /* SMUserInfoEntity.m */; };
		28B3762118473FBE009C69EE /* NSDataAdditions.m in Sources */ = {isa = PBXBuildFile; fileRef = 28B3761018473FBE009C69EE /* NSDataAdditions.m */; settings = {COMPILER_FLAGS = "-fno-objc-arc"; }; };
		28B3762218473FBE009C69EE /* NSDateAdditions.m in Sources */ = {isa = PBXBuildFile; fileRef = 28B3761218473FBE009C69EE /* NSDateAdditions.m */; settings = {COMPILER_FLAGS = "-fno-objc-arc"; }; };
		28B3762318473FBE009C69EE /* NSStringAdditions.m in Sources */ = {isa = PBXBuildFile; fileRef = 28B3761418473FBE009C69EE /* NSStringAdditions.m */; settings = {COMPILER_FLAGS = "-fno-objc-arc"; }; };
		28B3762418473FBE009C69EE /* Three20.bundle in Resources */ = {isa = PBXBuildFile; fileRef = 28B3761518473FBE009C69EE /* Three20.bundle */; };
		28B3762518473FBE009C69EE /* TTGlobalCoreLocale.m in Sources */ = {isa = PBXBuildFile; fileRef = 28B3761818473FBE009C69EE /* TTGlobalCoreLocale.m */; settings = {COMPILER_FLAGS = "-fno-objc-arc"; }; };
		28B3762618473FBE009C69EE /* TTGlobalUICommon.m in Sources */ = {isa = PBXBuildFile; fileRef = 28B3761A18473FBE009C69EE /* TTGlobalUICommon.m */; settings = {COMPILER_FLAGS = "-fno-objc-arc"; }; };
		28B3762718473FBE009C69EE /* UIFontAdditions.m in Sources */ = {isa = PBXBuildFile; fileRef = 28B3761C18473FBE009C69EE /* UIFontAdditions.m */; };
		28B3762818473FBE009C69EE /* UIViewAdditions.m in Sources */ = {isa = PBXBuildFile; fileRef = 28B3761E18473FBE009C69EE /* UIViewAdditions.m */; };
		28B3762918473FBE009C69EE /* UIWindowAdditions.m in Sources */ = {isa = PBXBuildFile; fileRef = 28B3762018473FBE009C69EE /* UIWindowAdditions.m */; };
		28B475791820EFC30044DF59 /* UIKit.framework in Frameworks */ = {isa = PBXBuildFile; fileRef = 28B475781820EFC30044DF59 /* UIKit.framework */; };
		28B4757B1820EFC30044DF59 /* Foundation.framework in Frameworks */ = {isa = PBXBuildFile; fileRef = 28B4757A1820EFC30044DF59 /* Foundation.framework */; };
		28B4757D1820EFC30044DF59 /* CoreGraphics.framework in Frameworks */ = {isa = PBXBuildFile; fileRef = 28B4757C1820EFC30044DF59 /* CoreGraphics.framework */; };
		4E03C33DEEED412ABAF0DC41 /* libPods.a in Frameworks */ = {isa = PBXBuildFile; fileRef = 3050ADDA4C79406E9CFCF300 /* libPods.a */; };
		CE5223B6184F645B00414BC6 /* screenshot.jpg in Resources */ = {isa = PBXBuildFile; fileRef = CE5223B5184F645B00414BC6 /* screenshot.jpg */; };
		CE5223B8184F66A100414BC6 /* screenshot.png in Resources */ = {isa = PBXBuildFile; fileRef = CE5223B7184F66A100414BC6 /* screenshot.png */; };
		CEE5261F1840DAD200BF18B6 /* QuartzCore.framework in Frameworks */ = {isa = PBXBuildFile; fileRef = CEE5261E1840DAD200BF18B6 /* QuartzCore.framework */; };
/* End PBXBuildFile section */

/* Begin PBXFileReference section */
		28121F1B1822654C00837E25 /* README.md */ = {isa = PBXFileReference; fileEncoding = 4; lastKnownFileType = text; path = README.md; sourceTree = "<group>"; };
		28121F1D1822655E00837E25 /* TODO */ = {isa = PBXFileReference; fileEncoding = 4; lastKnownFileType = text; path = TODO; sourceTree = "<group>"; };
		287DBC8A18488366002BF4A5 /* SMAPIClient.h */ = {isa = PBXFileReference; fileEncoding = 4; lastKnownFileType = sourcecode.c.h; path = SMAPIClient.h; sourceTree = "<group>"; };
		287DBC8B18488366002BF4A5 /* SMAPIClient.m */ = {isa = PBXFileReference; fileEncoding = 4; lastKnownFileType = sourcecode.c.objc; path = SMAPIClient.m; sourceTree = "<group>"; };
		28AE79F51851BA580062B14B /* NimbusTimeline.podspec */ = {isa = PBXFileReference; fileEncoding = 4; lastKnownFileType = text; path = NimbusTimeline.podspec; sourceTree = "<group>"; };
		28B375C218473A90009C69EE /* AppDelegate.h */ = {isa = PBXFileReference; fileEncoding = 4; lastKnownFileType = sourcecode.c.h; path = AppDelegate.h; sourceTree = "<group>"; };
		28B375C318473A90009C69EE /* AppDelegate.m */ = {isa = PBXFileReference; fileEncoding = 4; lastKnownFileType = sourcecode.c.objc; path = AppDelegate.m; sourceTree = "<group>"; };
		28B375C518473A90009C69EE /* NSDate+formatDateFromString.h */ = {isa = PBXFileReference; fileEncoding = 4; lastKnownFileType = sourcecode.c.h; path = "NSDate+formatDateFromString.h"; sourceTree = "<group>"; };
		28B375C618473A90009C69EE /* NSDate+formatDateFromString.m */ = {isa = PBXFileReference; fileEncoding = 4; lastKnownFileType = sourcecode.c.objc; path = "NSDate+formatDateFromString.m"; sourceTree = "<group>"; };
		28B375C718473A90009C69EE /* NSString+StringValue.h */ = {isa = PBXFileReference; fileEncoding = 4; lastKnownFileType = sourcecode.c.h; path = "NSString+StringValue.h"; sourceTree = "<group>"; };
		28B375C818473A90009C69EE /* NSString+StringValue.m */ = {isa = PBXFileReference; fileEncoding = 4; lastKnownFileType = sourcecode.c.objc; path = "NSString+StringValue.m"; sourceTree = "<group>"; };
		28B375CE18473A90009C69EE /* SMJSONKeys.h */ = {isa = PBXFileReference; fileEncoding = 4; lastKnownFileType = sourcecode.c.h; path = SMJSONKeys.h; sourceTree = "<group>"; };
		28B375D018473A90009C69EE /* SMPublicTimlineListC.h */ = {isa = PBXFileReference; fileEncoding = 4; lastKnownFileType = sourcecode.c.h; path = SMPublicTimlineListC.h; sourceTree = "<group>"; };
		28B375D118473A90009C69EE /* SMPublicTimlineListC.m */ = {isa = PBXFileReference; fileEncoding = 4; lastKnownFileType = sourcecode.c.objc; path = SMPublicTimlineListC.m; sourceTree = "<group>"; };
		28B375D218473A90009C69EE /* Default-568h@2x.png */ = {isa = PBXFileReference; lastKnownFileType = image.png; path = "Default-568h@2x.png"; sourceTree = "<group>"; };
		28B375D318473A90009C69EE /* Default.png */ = {isa = PBXFileReference; lastKnownFileType = image.png; path = Default.png; sourceTree = "<group>"; };
		28B375D418473A90009C69EE /* Default@2x.png */ = {isa = PBXFileReference; lastKnownFileType = image.png; path = "Default@2x.png"; sourceTree = "<group>"; };
		28B375D618473A90009C69EE /* en */ = {isa = PBXFileReference; lastKnownFileType = text.plist.strings; name = en; path = en.lproj/InfoPlist.strings; sourceTree = "<group>"; };
		28B375D818473A90009C69EE /* SMBaseEntity.h */ = {isa = PBXFileReference; fileEncoding = 4; lastKnownFileType = sourcecode.c.h; path = SMBaseEntity.h; sourceTree = "<group>"; };
		28B375D918473A90009C69EE /* SMBaseEntity.m */ = {isa = PBXFileReference; fileEncoding = 4; lastKnownFileType = sourcecode.c.objc; path = SMBaseEntity.m; sourceTree = "<group>"; };
		28B375DA18473A90009C69EE /* SMStatusEntity.h */ = {isa = PBXFileReference; fileEncoding = 4; lastKnownFileType = sourcecode.c.h; path = SMStatusEntity.h; sourceTree = "<group>"; };
		28B375DB18473A90009C69EE /* SMStatusEntity.m */ = {isa = PBXFileReference; fileEncoding = 4; lastKnownFileType = sourcecode.c.objc; path = SMStatusEntity.m; sourceTree = "<group>"; };
		28B375DC18473A90009C69EE /* main.m */ = {isa = PBXFileReference; fileEncoding = 4; lastKnownFileType = sourcecode.c.objc; path = main.m; sourceTree = "<group>"; };
		28B375DE18473A90009C69EE /* SMPageTimelineModel.h */ = {isa = PBXFileReference; fileEncoding = 4; lastKnownFileType = sourcecode.c.h; path = SMPageTimelineModel.h; sourceTree = "<group>"; };
		28B375DF18473A90009C69EE /* SMPageTimelineModel.m */ = {isa = PBXFileReference; fileEncoding = 4; lastKnownFileType = sourcecode.c.objc; path = SMPageTimelineModel.m; sourceTree = "<group>"; };
		28B375E018473A90009C69EE /* NimbusTimelineDemo-Info.plist */ = {isa = PBXFileReference; fileEncoding = 4; lastKnownFileType = text.plist.xml; path = "NimbusTimelineDemo-Info.plist"; sourceTree = "<group>"; };
		28B375E118473A90009C69EE /* NimbusTimelineDemo-Prefix.pch */ = {isa = PBXFileReference; fileEncoding = 4; lastKnownFileType = sourcecode.c.h; path = "NimbusTimelineDemo-Prefix.pch"; sourceTree = "<group>"; };
		28B375E218473A90009C69EE /* SMGlobalConfig.h */ = {isa = PBXFileReference; fileEncoding = 4; lastKnownFileType = sourcecode.c.h; path = SMGlobalConfig.h; sourceTree = "<group>"; };
		28B375E318473A90009C69EE /* SMGlobalConfig.m */ = {isa = PBXFileReference; fileEncoding = 4; lastKnownFileType = sourcecode.c.objc; path = SMGlobalConfig.m; sourceTree = "<group>"; };
		28B375E718473A90009C69EE /* SMStatusCell.h */ = {isa = PBXFileReference; fileEncoding = 4; lastKnownFileType = sourcecode.c.h; path = SMStatusCell.h; sourceTree = "<group>"; };
		28B375E818473A90009C69EE /* SMStatusCell.m */ = {isa = PBXFileReference; fileEncoding = 4; lastKnownFileType = sourcecode.c.objc; path = SMStatusCell.m; sourceTree = "<group>"; };
		28B375FD18473AE6009C69EE /* LJJNimbusTableViewController.h */ = {isa = PBXFileReference; fileEncoding = 4; lastKnownFileType = sourcecode.c.h; path = LJJNimbusTableViewController.h; sourceTree = "<group>"; };
		28B375FE18473AE6009C69EE /* LJJNimbusTableViewController.m */ = {isa = PBXFileReference; fileEncoding = 4; lastKnownFileType = sourcecode.c.objc; path = LJJNimbusTableViewController.m; sourceTree = "<group>"; };
		28B375FF18473AE6009C69EE /* LJJNimbusTableModel.h */ = {isa = PBXFileReference; fileEncoding = 4; lastKnownFileType = sourcecode.c.h; path = LJJNimbusTableModel.h; sourceTree = "<group>"; };
		28B3760018473AE6009C69EE /* LJJNimbusTableModel.m */ = {isa = PBXFileReference; fileEncoding = 4; lastKnownFileType = sourcecode.c.objc; path = LJJNimbusTableModel.m; sourceTree = "<group>"; };
		28B3760618473C63009C69EE /* LJJNimbusMoreButton.h */ = {isa = PBXFileReference; fileEncoding = 4; lastKnownFileType = sourcecode.c.h; path = LJJNimbusMoreButton.h; sourceTree = "<group>"; };
		28B3760718473C63009C69EE /* LJJNimbusMoreButton.m */ = {isa = PBXFileReference; fileEncoding = 4; lastKnownFileType = sourcecode.c.objc; path = LJJNimbusMoreButton.m; sourceTree = "<group>"; };
		28B3760918473DFF009C69EE /* SMUserInfoEntity.h */ = {isa = PBXFileReference; fileEncoding = 4; lastKnownFileType = sourcecode.c.h; path = SMUserInfoEntity.h; sourceTree = "<group>"; };
		28B3760A18473DFF009C69EE /* SMUserInfoEntity.m */ = {isa = PBXFileReference; fileEncoding = 4; lastKnownFileType = sourcecode.c.objc; path = SMUserInfoEntity.m; sourceTree = "<group>"; };
		28B3760F18473FBE009C69EE /* NSDataAdditions.h */ = {isa = PBXFileReference; fileEncoding = 4; lastKnownFileType = sourcecode.c.h; path = NSDataAdditions.h; sourceTree = "<group>"; };
		28B3761018473FBE009C69EE /* NSDataAdditions.m */ = {isa = PBXFileReference; fileEncoding = 4; lastKnownFileType = sourcecode.c.objc; path = NSDataAdditions.m; sourceTree = "<group>"; };
		28B3761118473FBE009C69EE /* NSDateAdditions.h */ = {isa = PBXFileReference; fileEncoding = 4; lastKnownFileType = sourcecode.c.h; path = NSDateAdditions.h; sourceTree = "<group>"; };
		28B3761218473FBE009C69EE /* NSDateAdditions.m */ = {isa = PBXFileReference; fileEncoding = 4; lastKnownFileType = sourcecode.c.objc; path = NSDateAdditions.m; sourceTree = "<group>"; };
		28B3761318473FBE009C69EE /* NSStringAdditions.h */ = {isa = PBXFileReference; fileEncoding = 4; lastKnownFileType = sourcecode.c.h; path = NSStringAdditions.h; sourceTree = "<group>"; };
		28B3761418473FBE009C69EE /* NSStringAdditions.m */ = {isa = PBXFileReference; fileEncoding = 4; lastKnownFileType = sourcecode.c.objc; path = NSStringAdditions.m; sourceTree = "<group>"; };
		28B3761518473FBE009C69EE /* Three20.bundle */ = {isa = PBXFileReference; lastKnownFileType = "wrapper.plug-in"; path = Three20.bundle; sourceTree = "<group>"; };
		28B3761618473FBE009C69EE /* TTCorePreprocessorMacros.h */ = {isa = PBXFileReference; fileEncoding = 4; lastKnownFileType = sourcecode.c.h; path = TTCorePreprocessorMacros.h; sourceTree = "<group>"; };
		28B3761718473FBE009C69EE /* TTGlobalCoreLocale.h */ = {isa = PBXFileReference; fileEncoding = 4; lastKnownFileType = sourcecode.c.h; path = TTGlobalCoreLocale.h; sourceTree = "<group>"; };
		28B3761818473FBE009C69EE /* TTGlobalCoreLocale.m */ = {isa = PBXFileReference; fileEncoding = 4; lastKnownFileType = sourcecode.c.objc; path = TTGlobalCoreLocale.m; sourceTree = "<group>"; };
		28B3761918473FBE009C69EE /* TTGlobalUICommon.h */ = {isa = PBXFileReference; fileEncoding = 4; lastKnownFileType = sourcecode.c.h; path = TTGlobalUICommon.h; sourceTree = "<group>"; };
		28B3761A18473FBE009C69EE /* TTGlobalUICommon.m */ = {isa = PBXFileReference; fileEncoding = 4; lastKnownFileType = sourcecode.c.objc; path = TTGlobalUICommon.m; sourceTree = "<group>"; };
		28B3761B18473FBE009C69EE /* UIFontAdditions.h */ = {isa = PBXFileReference; fileEncoding = 4; lastKnownFileType = sourcecode.c.h; path = UIFontAdditions.h; sourceTree = "<group>"; };
		28B3761C18473FBE009C69EE /* UIFontAdditions.m */ = {isa = PBXFileReference; fileEncoding = 4; lastKnownFileType = sourcecode.c.objc; path = UIFontAdditions.m; sourceTree = "<group>"; };
		28B3761D18473FBE009C69EE /* UIViewAdditions.h */ = {isa = PBXFileReference; fileEncoding = 4; lastKnownFileType = sourcecode.c.h; path = UIViewAdditions.h; sourceTree = "<group>"; };
		28B3761E18473FBE009C69EE /* UIViewAdditions.m */ = {isa = PBXFileReference; fileEncoding = 4; lastKnownFileType = sourcecode.c.objc; path = UIViewAdditions.m; sourceTree = "<group>"; };
		28B3761F18473FBE009C69EE /* UIWindowAdditions.h */ = {isa = PBXFileReference; fileEncoding = 4; lastKnownFileType = sourcecode.c.h; path = UIWindowAdditions.h; sourceTree = "<group>"; };
		28B3762018473FBE009C69EE /* UIWindowAdditions.m */ = {isa = PBXFileReference; fileEncoding = 4; lastKnownFileType = sourcecode.c.objc; path = UIWindowAdditions.m; sourceTree = "<group>"; };
		28B475751820EFC30044DF59 /* NimbusTimelineDemo.app */ = {isa = PBXFileReference; explicitFileType = wrapper.application; includeInIndex = 0; path = NimbusTimelineDemo.app; sourceTree = BUILT_PRODUCTS_DIR; };
		28B475781820EFC30044DF59 /* UIKit.framework */ = {isa = PBXFileReference; lastKnownFileType = wrapper.framework; name = UIKit.framework; path = System/Library/Frameworks/UIKit.framework; sourceTree = SDKROOT; };
		28B4757A1820EFC30044DF59 /* Foundation.framework */ = {isa = PBXFileReference; lastKnownFileType = wrapper.framework; name = Foundation.framework; path = System/Library/Frameworks/Foundation.framework; sourceTree = SDKROOT; };
		28B4757C1820EFC30044DF59 /* CoreGraphics.framework */ = {isa = PBXFileReference; lastKnownFileType = wrapper.framework; name = CoreGraphics.framework; path = System/Library/Frameworks/CoreGraphics.framework; sourceTree = SDKROOT; };
		3050ADDA4C79406E9CFCF300 /* libPods.a */ = {isa = PBXFileReference; explicitFileType = archive.ar; includeInIndex = 0; path = libPods.a; sourceTree = BUILT_PRODUCTS_DIR; };
		B466FEF4A8494C228DF493F0 /* Pods.xcconfig */ = {isa = PBXFileReference; includeInIndex = 1; lastKnownFileType = text.xcconfig; name = Pods.xcconfig; path = Pods/Pods.xcconfig; sourceTree = SOURCE_ROOT; };
		CE5223B5184F645B00414BC6 /* screenshot.jpg */ = {isa = PBXFileReference; lastKnownFileType = image.jpeg; path = screenshot.jpg; sourceTree = "<group>"; };
		CE5223B7184F66A100414BC6 /* screenshot.png */ = {isa = PBXFileReference; lastKnownFileType = image.png; path = screenshot.png; sourceTree = "<group>"; };
		CEE5261E1840DAD200BF18B6 /* QuartzCore.framework */ = {isa = PBXFileReference; lastKnownFileType = wrapper.framework; name = QuartzCore.framework; path = System/Library/Frameworks/QuartzCore.framework; sourceTree = SDKROOT; };
/* End PBXFileReference section */

/* Begin PBXFrameworksBuildPhase section */
		28B475721820EFC30044DF59 /* Frameworks */ = {
			isa = PBXFrameworksBuildPhase;
			buildActionMask = 2147483647;
			files = (
				CEE5261F1840DAD200BF18B6 /* QuartzCore.framework in Frameworks */,
				28B475791820EFC30044DF59 /* UIKit.framework in Frameworks */,
				28B4757B1820EFC30044DF59 /* Foundation.framework in Frameworks */,
				28B4757D1820EFC30044DF59 /* CoreGraphics.framework in Frameworks */,
				4E03C33DEEED412ABAF0DC41 /* libPods.a in Frameworks */,
			);
			runOnlyForDeploymentPostprocessing = 0;
		};
/* End PBXFrameworksBuildPhase section */

/* Begin PBXGroup section */
		28121DF41821EAB700837E25 /* Vendor */ = {
			isa = PBXGroup;
			children = (
				28121EAE1821FA2300837E25 /* 320Category */,
			);
			name = Vendor;
			sourceTree = "<group>";
		};
		28121EAE1821FA2300837E25 /* 320Category */ = {
			isa = PBXGroup;
			children = (
				28B3760F18473FBE009C69EE /* NSDataAdditions.h */,
				28B3761018473FBE009C69EE /* NSDataAdditions.m */,
				28B3761118473FBE009C69EE /* NSDateAdditions.h */,
				28B3761218473FBE009C69EE /* NSDateAdditions.m */,
				28B3761318473FBE009C69EE /* NSStringAdditions.h */,
				28B3761418473FBE009C69EE /* NSStringAdditions.m */,
				28B3761518473FBE009C69EE /* Three20.bundle */,
				28B3761618473FBE009C69EE /* TTCorePreprocessorMacros.h */,
				28B3761718473FBE009C69EE /* TTGlobalCoreLocale.h */,
				28B3761818473FBE009C69EE /* TTGlobalCoreLocale.m */,
				28B3761918473FBE009C69EE /* TTGlobalUICommon.h */,
				28B3761A18473FBE009C69EE /* TTGlobalUICommon.m */,
				28B3761B18473FBE009C69EE /* UIFontAdditions.h */,
				28B3761C18473FBE009C69EE /* UIFontAdditions.m */,
				28B3761D18473FBE009C69EE /* UIViewAdditions.h */,
				28B3761E18473FBE009C69EE /* UIViewAdditions.m */,
				28B3761F18473FBE009C69EE /* UIWindowAdditions.h */,
				28B3762018473FBE009C69EE /* UIWindowAdditions.m */,
			);
			name = 320Category;
			path = vendor/320Category;
			sourceTree = "<group>";
		};
		28B375C118473A90009C69EE /* NimbusTimelineDemo */ = {
			isa = PBXGroup;
			children = (
				28B375C218473A90009C69EE /* AppDelegate.h */,
				28B375C318473A90009C69EE /* AppDelegate.m */,
				28B375E218473A90009C69EE /* SMGlobalConfig.h */,
				28B375E318473A90009C69EE /* SMGlobalConfig.m */,
				28B375C418473A90009C69EE /* Category */,
				28B375CB18473A90009C69EE /* Common */,
				28B375CF18473A90009C69EE /* Controllers */,
				28B375D718473A90009C69EE /* Entities */,
				28B375DD18473A90009C69EE /* Models */,
				28B375E418473A90009C69EE /* Views */,
				28B375FB18473ABA009C69EE /* Supporting Files */,
			);
			path = NimbusTimelineDemo;
			sourceTree = "<group>";
		};
		28B375C418473A90009C69EE /* Category */ = {
			isa = PBXGroup;
			children = (
				28B375C518473A90009C69EE /* NSDate+formatDateFromString.h */,
				28B375C618473A90009C69EE /* NSDate+formatDateFromString.m */,
				28B375C718473A90009C69EE /* NSString+StringValue.h */,
				28B375C818473A90009C69EE /* NSString+StringValue.m */,
			);
			path = Category;
			sourceTree = "<group>";
		};
		28B375CB18473A90009C69EE /* Common */ = {
			isa = PBXGroup;
			children = (
				28B375CE18473A90009C69EE /* SMJSONKeys.h */,
				287DBC8A18488366002BF4A5 /* SMAPIClient.h */,
				287DBC8B18488366002BF4A5 /* SMAPIClient.m */,
			);
			path = Common;
			sourceTree = "<group>";
		};
		28B375CF18473A90009C69EE /* Controllers */ = {
			isa = PBXGroup;
			children = (
				28B375D018473A90009C69EE /* SMPublicTimlineListC.h */,
				28B375D118473A90009C69EE /* SMPublicTimlineListC.m */,
			);
			path = Controllers;
			sourceTree = "<group>";
		};
		28B375D718473A90009C69EE /* Entities */ = {
			isa = PBXGroup;
			children = (
				28B375D818473A90009C69EE /* SMBaseEntity.h */,
				28B375D918473A90009C69EE /* SMBaseEntity.m */,
				28B375DA18473A90009C69EE /* SMStatusEntity.h */,
				28B375DB18473A90009C69EE /* SMStatusEntity.m */,
				28B3760918473DFF009C69EE /* SMUserInfoEntity.h */,
				28B3760A18473DFF009C69EE /* SMUserInfoEntity.m */,
			);
			path = Entities;
			sourceTree = "<group>";
		};
		28B375DD18473A90009C69EE /* Models */ = {
			isa = PBXGroup;
			children = (
				28B375DE18473A90009C69EE /* SMPageTimelineModel.h */,
				28B375DF18473A90009C69EE /* SMPageTimelineModel.m */,
			);
			path = Models;
			sourceTree = "<group>";
		};
		28B375E418473A90009C69EE /* Views */ = {
			isa = PBXGroup;
			children = (
				28B375E718473A90009C69EE /* SMStatusCell.h */,
				28B375E818473A90009C69EE /* SMStatusCell.m */,
			);
			path = Views;
			sourceTree = "<group>";
		};
		28B375FB18473ABA009C69EE /* Supporting Files */ = {
			isa = PBXGroup;
			children = (
				CE5223B4184F645B00414BC6 /* Screenshot */,
				28B375E018473A90009C69EE /* NimbusTimelineDemo-Info.plist */,
				28B375E118473A90009C69EE /* NimbusTimelineDemo-Prefix.pch */,
				28B375DC18473A90009C69EE /* main.m */,
				28B375D218473A90009C69EE /* Default-568h@2x.png */,
				28B375D318473A90009C69EE /* Default.png */,
				28B375D418473A90009C69EE /* Default@2x.png */,
				28B375D518473A90009C69EE /* InfoPlist.strings */,
			);
			name = "Supporting Files";
			sourceTree = "<group>";
		};
		28B375FC18473AE6009C69EE /* NimbusTimeline */ = {
			isa = PBXGroup;
			children = (
				28B375FD18473AE6009C69EE /* LJJNimbusTableViewController.h */,
				28B375FE18473AE6009C69EE /* LJJNimbusTableViewController.m */,
				28B375FF18473AE6009C69EE /* LJJNimbusTableModel.h */,
				28B3760018473AE6009C69EE /* LJJNimbusTableModel.m */,
				28B3760618473C63009C69EE /* LJJNimbusMoreButton.h */,
				28B3760718473C63009C69EE /* LJJNimbusMoreButton.m */,
			);
			path = NimbusTimeline;
			sourceTree = "<group>";
		};
		28B4756C1820EFC20044DF59 = {
			isa = PBXGroup;
			children = (
				28121F1D1822655E00837E25 /* TODO */,
				28121F1B1822654C00837E25 /* README.md */,
				28AE79F51851BA580062B14B /* NimbusTimeline.podspec */,
				28B375FC18473AE6009C69EE /* NimbusTimeline */,
				28B375C118473A90009C69EE /* NimbusTimelineDemo */,
				28121DF41821EAB700837E25 /* Vendor */,
				28B475771820EFC30044DF59 /* Frameworks */,
				28B475761820EFC30044DF59 /* Products */,
				B466FEF4A8494C228DF493F0 /* Pods.xcconfig */,
			);
			sourceTree = "<group>";
		};
		28B475761820EFC30044DF59 /* Products */ = {
			isa = PBXGroup;
			children = (
				28B475751820EFC30044DF59 /* NimbusTimelineDemo.app */,
			);
			name = Products;
			sourceTree = "<group>";
		};
		28B475771820EFC30044DF59 /* Frameworks */ = {
			isa = PBXGroup;
			children = (
				CEE5261E1840DAD200BF18B6 /* QuartzCore.framework */,
				28B475781820EFC30044DF59 /* UIKit.framework */,
				28B4757A1820EFC30044DF59 /* Foundation.framework */,
				28B4757C1820EFC30044DF59 /* CoreGraphics.framework */,
				3050ADDA4C79406E9CFCF300 /* libPods.a */,
			);
			name = Frameworks;
			sourceTree = "<group>";
		};
		CE5223B4184F645B00414BC6 /* Screenshot */ = {
			isa = PBXGroup;
			children = (
				CE5223B5184F645B00414BC6 /* screenshot.jpg */,
				CE5223B7184F66A100414BC6 /* screenshot.png */,
			);
			path = Screenshot;
			sourceTree = "<group>";
		};
/* End PBXGroup section */

/* Begin PBXNativeTarget section */
		28B475741820EFC30044DF59 /* NimbusTimelineDemo */ = {
			isa = PBXNativeTarget;
			buildConfigurationList = 28B475981820EFC30044DF59 /* Build configuration list for PBXNativeTarget "NimbusTimelineDemo" */;
			buildPhases = (
				99F971B4003F40CB84714AAA /* Check Pods Manifest.lock */,
				28B475711820EFC30044DF59 /* Sources */,
				28B475721820EFC30044DF59 /* Frameworks */,
				28B475731820EFC30044DF59 /* Resources */,
				947C54E737D24251AB738175 /* Copy Pods Resources */,
			);
			buildRules = (
			);
			dependencies = (
			);
			name = NimbusTimelineDemo;
			productName = VideoOnline;
			productReference = 28B475751820EFC30044DF59 /* NimbusTimelineDemo.app */;
			productType = "com.apple.product-type.application";
		};
/* End PBXNativeTarget section */

/* Begin PBXProject section */
		28B4756D1820EFC20044DF59 /* Project object */ = {
			isa = PBXProject;
			attributes = {
				CLASSPREFIX = TV;
				LastUpgradeCheck = 0460;
				ORGANIZATIONNAME = SuperMaxDev;
			};
			buildConfigurationList = 28B475701820EFC20044DF59 /* Build configuration list for PBXProject "NimbusTimelineDemo" */;
			compatibilityVersion = "Xcode 3.2";
			developmentRegion = English;
			hasScannedForEncodings = 0;
			knownRegions = (
				en,
			);
			mainGroup = 28B4756C1820EFC20044DF59;
			productRefGroup = 28B475761820EFC30044DF59 /* Products */;
			projectDirPath = "";
			projectRoot = "";
			targets = (
				28B475741820EFC30044DF59 /* NimbusTimelineDemo */,
			);
		};
/* End PBXProject section */

/* Begin PBXResourcesBuildPhase section */
		28B475731820EFC30044DF59 /* Resources */ = {
			isa = PBXResourcesBuildPhase;
			buildActionMask = 2147483647;
			files = (
				CE5223B6184F645B00414BC6 /* screenshot.jpg in Resources */,
				28B3762418473FBE009C69EE /* Three20.bundle in Resources */,
				28AE79F61851BA590062B14B /* NimbusTimeline.podspec in Resources */,
				28B375F218473A90009C69EE /* InfoPlist.strings in Resources */,
				28B375F018473A90009C69EE /* Default.png in Resources */,
				28121F1C1822654C00837E25 /* README.md in Resources */,
				28121F1E1822655E00837E25 /* TODO in Resources */,
				28B375EF18473A90009C69EE /* Default-568h@2x.png in Resources */,
				28B375F118473A90009C69EE /* Default@2x.png in Resources */,
				28B375F718473A90009C69EE /* NimbusTimelineDemo-Info.plist in Resources */,
				CE5223B8184F66A100414BC6 /* screenshot.png in Resources */,
			);
			runOnlyForDeploymentPostprocessing = 0;
		};
/* End PBXResourcesBuildPhase section */

/* Begin PBXShellScriptBuildPhase section */
		947C54E737D24251AB738175 /* Copy Pods Resources */ = {
			isa = PBXShellScriptBuildPhase;
			buildActionMask = 2147483647;
			files = (
			);
			inputPaths = (
			);
			name = "Copy Pods Resources";
			outputPaths = (
			);
			runOnlyForDeploymentPostprocessing = 0;
			shellPath = /bin/sh;
			shellScript = "\"${SRCROOT}/Pods/Pods-resources.sh\"\n";
			showEnvVarsInLog = 0;
		};
		99F971B4003F40CB84714AAA /* Check Pods Manifest.lock */ = {
			isa = PBXShellScriptBuildPhase;
			buildActionMask = 2147483647;
			files = (
			);
			inputPaths = (
			);
			name = "Check Pods Manifest.lock";
			outputPaths = (
			);
			runOnlyForDeploymentPostprocessing = 0;
			shellPath = /bin/sh;
			shellScript = "diff \"${PODS_ROOT}/../Podfile.lock\" \"${PODS_ROOT}/Manifest.lock\" > /dev/null\nif [[ $? != 0 ]] ; then\n    cat << EOM\nerror: The sandbox is not in sync with the Podfile.lock. Run 'pod install' or update your CocoaPods installation.\nEOM\n    exit 1\nfi\n";
			showEnvVarsInLog = 0;
		};
/* End PBXShellScriptBuildPhase section */

/* Begin PBXSourcesBuildPhase section */
		28B475711820EFC30044DF59 /* Sources */ = {
			isa = PBXSourcesBuildPhase;
			buildActionMask = 2147483647;
			files = (
				28B3760B18473DFF009C69EE /* SMUserInfoEntity.m in Sources */,
				28B375F818473A90009C69EE /* SMGlobalConfig.m in Sources */,
				28B375FA18473A90009C69EE /* SMStatusCell.m in Sources */,
				28B3762918473FBE009C69EE /* UIWindowAdditions.m in Sources */,
				28B375F318473A90009C69EE /* SMBaseEntity.m in Sources */,
				28B375EB18473A90009C69EE /* NSString+StringValue.m in Sources */,
				28B375EA18473A90009C69EE /* NSDate+formatDateFromString.m in Sources */,
				28B375EE18473A90009C69EE /* SMPublicTimlineListC.m in Sources */,
				28B3762318473FBE009C69EE /* NSStringAdditions.m in Sources */,
				28B3762218473FBE009C69EE /* NSDateAdditions.m in Sources */,
				28B3762618473FBE009C69EE /* TTGlobalUICommon.m in Sources */,
				28B3760318473AE6009C69EE /* LJJNimbusTableViewController.m in Sources */,
				287DBC8C18488366002BF4A5 /* SMAPIClient.m in Sources */,
				28B375E918473A90009C69EE /* AppDelegate.m in Sources */,
				28B375F618473A90009C69EE /* SMPageTimelineModel.m in Sources */,
				28B3762818473FBE009C69EE /* UIViewAdditions.m in Sources */,
				28B3762718473FBE009C69EE /* UIFontAdditions.m in Sources */,
				28B3760418473AE6009C69EE /* LJJNimbusTableModel.m in Sources */,
				28B375F418473A90009C69EE /* SMStatusEntity.m in Sources */,
				28B3762118473FBE009C69EE /* NSDataAdditions.m in Sources */,
				28B3760818473C63009C69EE /* LJJNimbusMoreButton.m in Sources */,
				28B375F518473A90009C69EE /* main.m in Sources */,
				28B3762518473FBE009C69EE /* TTGlobalCoreLocale.m in Sources */,
			);
			runOnlyForDeploymentPostprocessing = 0;
		};
/* End PBXSourcesBuildPhase section */

/* Begin PBXVariantGroup section */
		28B375D518473A90009C69EE /* InfoPlist.strings */ = {
			isa = PBXVariantGroup;
			children = (
				28B375D618473A90009C69EE /* en */,
			);
			name = InfoPlist.strings;
			sourceTree = "<group>";
		};
/* End PBXVariantGroup section */

/* Begin XCBuildConfiguration section */
		28B475961820EFC30044DF59 /* Debug */ = {
			isa = XCBuildConfiguration;
			buildSettings = {
				ALWAYS_SEARCH_USER_PATHS = NO;
				CLANG_CXX_LANGUAGE_STANDARD = "gnu++0x";
				CLANG_CXX_LIBRARY = "libc++";
				CLANG_ENABLE_OBJC_ARC = YES;
				CLANG_WARN_CONSTANT_CONVERSION = YES;
				CLANG_WARN_EMPTY_BODY = YES;
				CLANG_WARN_ENUM_CONVERSION = YES;
				CLANG_WARN_INT_CONVERSION = YES;
				CLANG_WARN__DUPLICATE_METHOD_MATCH = YES;
				"CODE_SIGN_IDENTITY[sdk=iphoneos*]" = "iPhone Developer";
				COPY_PHASE_STRIP = NO;
				GCC_C_LANGUAGE_STANDARD = gnu99;
				GCC_DYNAMIC_NO_PIC = NO;
				GCC_OPTIMIZATION_LEVEL = 0;
				GCC_PREPROCESSOR_DEFINITIONS = (
					"DEBUG=1",
					"$(inherited)",
				);
				GCC_SYMBOLS_PRIVATE_EXTERN = NO;
				GCC_WARN_ABOUT_RETURN_TYPE = YES;
				GCC_WARN_UNINITIALIZED_AUTOS = YES;
				GCC_WARN_UNUSED_VARIABLE = YES;
				IPHONEOS_DEPLOYMENT_TARGET = 6.1;
				ONLY_ACTIVE_ARCH = YES;
				SDKROOT = iphoneos;
			};
			name = Debug;
		};
		28B475971820EFC30044DF59 /* Release */ = {
			isa = XCBuildConfiguration;
			buildSettings = {
				ALWAYS_SEARCH_USER_PATHS = NO;
				CLANG_CXX_LANGUAGE_STANDARD = "gnu++0x";
				CLANG_CXX_LIBRARY = "libc++";
				CLANG_ENABLE_OBJC_ARC = YES;
				CLANG_WARN_CONSTANT_CONVERSION = YES;
				CLANG_WARN_EMPTY_BODY = YES;
				CLANG_WARN_ENUM_CONVERSION = YES;
				CLANG_WARN_INT_CONVERSION = YES;
				CLANG_WARN__DUPLICATE_METHOD_MATCH = YES;
				"CODE_SIGN_IDENTITY[sdk=iphoneos*]" = "iPhone Developer";
				COPY_PHASE_STRIP = YES;
				GCC_C_LANGUAGE_STANDARD = gnu99;
				GCC_WARN_ABOUT_RETURN_TYPE = YES;
				GCC_WARN_UNINITIALIZED_AUTOS = YES;
				GCC_WARN_UNUSED_VARIABLE = YES;
				IPHONEOS_DEPLOYMENT_TARGET = 6.1;
				OTHER_CFLAGS = "-DNS_BLOCK_ASSERTIONS=1";
				SDKROOT = iphoneos;
				VALIDATE_PRODUCT = YES;
			};
			name = Release;
		};
		28B475991820EFC30044DF59 /* Debug */ = {
			isa = XCBuildConfiguration;
			baseConfigurationReference = B466FEF4A8494C228DF493F0 /* Pods.xcconfig */;
			buildSettings = {
				GCC_PRECOMPILE_PREFIX_HEADER = YES;
				GCC_PREFIX_HEADER = "NimbusTimelineDemo/NimbusTimelineDemo-Prefix.pch";
				INFOPLIST_FILE = "$(SRCROOT)/NimbusTimelineDemo/NimbusTimelineDemo-Info.plist";
				IPHONEOS_DEPLOYMENT_TARGET = 6.0;
				LIBRARY_SEARCH_PATHS = (
					"$(inherited)",
					"\"$(SRCROOT)/vendor/libWeiboSDK\"",
					"\"$(SRCROOT)/vendor/baidumap/libs\"",
					"\"$(SRCROOT)/vendor/baidumap/libs/Release-iphoneos\"",
					"\"$(SRCROOT)/vendor/baidumap/libs/Release-iphonesimulator\"",
				);
				PRODUCT_NAME = NimbusTimelineDemo;
				TARGETED_DEVICE_FAMILY = "1,2";
				WRAPPER_EXTENSION = app;
			};
			name = Debug;
		};
		28B4759A1820EFC30044DF59 /* Release */ = {
			isa = XCBuildConfiguration;
			baseConfigurationReference = B466FEF4A8494C228DF493F0 /* Pods.xcconfig */;
			buildSettings = {
				GCC_PRECOMPILE_PREFIX_HEADER = YES;
				GCC_PREFIX_HEADER = "NimbusTimelineDemo/NimbusTimelineDemo-Prefix.pch";
				INFOPLIST_FILE = "$(SRCROOT)/NimbusTimelineDemo/NimbusTimelineDemo-Info.plist";
				IPHONEOS_DEPLOYMENT_TARGET = 6.0;
				LIBRARY_SEARCH_PATHS = (
					"$(inherited)",
					"\"$(SRCROOT)/vendor/libWeiboSDK\"",
					"\"$(SRCROOT)/vendor/baidumap/libs\"",
					"\"$(SRCROOT)/vendor/baidumap/libs/Release-iphoneos\"",
					"\"$(SRCROOT)/vendor/baidumap/libs/Release-iphonesimulator\"",
				);
				PRODUCT_NAME = NimbusTimelineDemo;
				TARGETED_DEVICE_FAMILY = "1,2";
				WRAPPER_EXTENSION = app;
			};
			name = Release;
		};
/* End XCBuildConfiguration section */

/* Begin XCConfigurationList section */
		28B475701820EFC20044DF59 /* Build configuration list for PBXProject "NimbusTimelineDemo" */ = {
			isa = XCConfigurationList;
			buildConfigurations = (
				28B475961820EFC30044DF59 /* Debug */,
				28B475971820EFC30044DF59 /* Release */,
			);
			defaultConfigurationIsVisible = 0;
			defaultConfigurationName = Release;
		};
		28B475981820EFC30044DF59 /* Build configuration list for PBXNativeTarget "NimbusTimelineDemo" */ = {
			isa = XCConfigurationList;
			buildConfigurations = (
				28B475991820EFC30044DF59 /* Debug */,
				28B4759A1820EFC30044DF59 /* Release */,
			);
			defaultConfigurationIsVisible = 0;
			defaultConfigurationName = Release;
		};
/* End XCConfigurationList section */
	};
	rootObject = 28B4756D1820EFC20044DF59 /* Project object */;
}
